
Microsoft Visual Studio Solution File, Format Version 12.00
# Visual Studio Version 17
VisualStudioVersion = 17.0.31903.59
MinimumVisualStudioVersion = 10.0.40219.1
Project("{2150E333-8FDC-42A3-9474-1A3956D46DE8}") = "Solved", "Solved", "{B40253D4-6A88-47AA-A036-BC60EC470E6C}"
EndProject
Project("{FAE04EC0-301F-11D3-BF4B-00C04F79EFBC}") = "Tests", "Tests\Tests.csproj", "{F8AFB474-A5D2-4FE9-9AA8-A3A7035433D8}"
EndProject
Project("{FAE04EC0-301F-11D3-BF4B-00C04F79EFBC}") = "Day01", "Day01 - Historian Hysteria\Day01.csproj", "{4F573463-F8FC-44C1-A55B-3BA1D72B6031}"
EndProject
Project("{FAE04EC0-301F-11D3-BF4B-00C04F79EFBC}") = "Day02", "Day02 - Red-Nosed Reports\Day02.csproj", "{600EE839-BCBB-4ECB-9892-DB21E8772BC3}"
EndProject
Project("{FAE04EC0-301F-11D3-BF4B-00C04F79EFBC}") = "Day03", "Day03 - Mull It Over\Day03.csproj", "{BF657DDC-FBE2-48DE-A9EB-66977F93BACB}"
EndProject
Global
	GlobalSection(SolutionConfigurationPlatforms) = preSolution
		Debug|Any CPU = Debug|Any CPU
		Release|Any CPU = Release|Any CPU
	EndGlobalSection
	GlobalSection(SolutionProperties) = preSolution
		HideSolutionNode = FALSE
	EndGlobalSection
	GlobalSection(ProjectConfigurationPlatforms) = postSolution
		{F8AFB474-A5D2-4FE9-9AA8-A3A7035433D8}.Debug|Any CPU.ActiveCfg = Debug|Any CPU
		{F8AFB474-A5D2-4FE9-9AA8-A3A7035433D8}.Debug|Any CPU.Build.0 = Debug|Any CPU
		{F8AFB474-A5D2-4FE9-9AA8-A3A7035433D8}.Release|Any CPU.ActiveCfg = Release|Any CPU
		{F8AFB474-A5D2-4FE9-9AA8-A3A7035433D8}.Release|Any CPU.Build.0 = Release|Any CPU
		{4F573463-F8FC-44C1-A55B-3BA1D72B6031}.Debug|Any CPU.ActiveCfg = Debug|Any CPU
		{4F573463-F8FC-44C1-A55B-3BA1D72B6031}.Debug|Any CPU.Build.0 = Debug|Any CPU
		{4F573463-F8FC-44C1-A55B-3BA1D72B6031}.Release|Any CPU.ActiveCfg = Release|Any CPU
		{4F573463-F8FC-44C1-A55B-3BA1D72B6031}.Release|Any CPU.Build.0 = Release|Any CPU
		{600EE839-BCBB-4ECB-9892-DB21E8772BC3}.Debug|Any CPU.ActiveCfg = Debug|Any CPU
		{600EE839-BCBB-4ECB-9892-DB21E8772BC3}.Debug|Any CPU.Build.0 = Debug|Any CPU
		{600EE839-BCBB-4ECB-9892-DB21E8772BC3}.Release|Any CPU.ActiveCfg = Release|Any CPU
		{600EE839-BCBB-4ECB-9892-DB21E8772BC3}.Release|Any CPU.Build.0 = Release|Any CPU
		{BF657DDC-FBE2-48DE-A9EB-66977F93BACB}.Debug|Any CPU.ActiveCfg = Debug|Any CPU
		{BF657DDC-FBE2-48DE-A9EB-66977F93BACB}.Debug|Any CPU.Build.0 = Debug|Any CPU
		{BF657DDC-FBE2-48DE-A9EB-66977F93BACB}.Release|Any CPU.ActiveCfg = Release|Any CPU
		{BF657DDC-FBE2-48DE-A9EB-66977F93BACB}.Release|Any CPU.Build.0 = Release|Any CPU
	EndGlobalSection
	GlobalSection(NestedProjects) = preSolution
		{4F573463-F8FC-44C1-A55B-3BA1D72B6031} = {B40253D4-6A88-47AA-A036-BC60EC470E6C}
		{600EE839-BCBB-4ECB-9892-DB21E8772BC3} = {B40253D4-6A88-47AA-A036-BC60EC470E6C}
	EndGlobalSection
EndGlobal
